<?xml version="1.0" encoding="utf-8"?>
<Project ToolsVersion="4.0" xmlns="http://schemas.microsoft.com/developer/msbuild/2003">
  <ItemGroup>
    <Filter Include="Source Files">
      <UniqueIdentifier>{bb74608f-a1d6-4f8d-af0f-74c6632d7311}</UniqueIdentifier>
      <Extensions>cc;cpp;c;cxx;rc;def;r;odl;idl;hpj;bat</Extensions>
    </Filter>
    <Filter Include="Header Files">
      <UniqueIdentifier>{e5af4aa2-9cea-4ea6-8c88-22ba13eec7d1}</UniqueIdentifier>
      <Extensions>h;hpp;hxx;hm;inl</Extensions>
    </Filter>
    <Filter Include="Resource Files">
      <UniqueIdentifier>{8fc8e0fc-d290-414a-8526-a0d66d426475}</UniqueIdentifier>
      <Extensions>ico;res;cur;bmp;dlg;rc2;rct;bin;rgs;gif;jpg;jpeg;jpe</Extensions>
    </Filter>
  </ItemGroup>
  <ItemGroup>
    <ClCompile Include="crystal_dmi.cc">
      <Filter>Source Files</Filter>
    </ClCompile>
    <ClCompile Include="crystal_dmi_dlg.cc">
      <Filter>Source Files</Filter>
    </ClCompile>
    <ClCompile Include="stdafx.cc">
      <Filter>Source Files</Filter>
    </ClCompile>
  </ItemGroup>
  <ItemGroup>
    <ResourceCompile Include="crystal_dmi.rc">
      <Filter>Source Files</Filter>
    </ResourceCompile>
  </ItemGroup>
  <ItemGroup>
    <ClInclude Include="crystal_dmi.h">
      <Filter>Header Files</Filter>
    </ClInclude>
    <ClInclude Include="crystal_dmi_dlg.h">
      <Filter>Header Files</Filter>
    </ClInclude>
    <ClInclude Include="ols_api_init.h">
      <Filter>Header Files</Filter>
    </ClInclude>
    <ClInclude Include="ols_api_init.h">
      <Filter>Header Files</Filter>
    </ClInclude>
    <ClInclude Include="ols_def.h">
      <Filter>Header Files</Filter>
    </ClInclude>
    <ClInclude Include="resource.h">
      <Filter>Header Files</Filter>
    </ClInclude>
    <ClInclude Include="stdafx.h">
      <Filter>Header Files</Filter>
    </ClInclude>
    <ClInclude Include="ols_api_init_def.h">
      <Filter>Header Files</Filter>
    </ClInclude>
  </ItemGroup>
  <ItemGroup>
    <None Include="res\CrystalDMI.ico">
      <Filter>Resource Files</Filter>
    </None>
    <None Include="res\crystal_dmi.rc2">
      <Filter>Resource Files</Filter>
    </None>
    <None Include="manifest.xml" />
  </ItemGroup>
</Project>